
Microsoft Visual Studio Solution File, Format Version 10.00
# Visual Studio 2008
Project("{FAE04EC0-301F-11D3-BF4B-00C04F79EFBC}") = "EntitiesAbstrDI.Domain", "EntitiesAbstrDI.Domain\EntitiesAbstrDI.Domain.csproj", "{54557564-B359-4396-94AB-B9A51A948965}"
EndProject
Project("{FAE04EC0-301F-11D3-BF4B-00C04F79EFBC}") = "EntitiesAbstrDI.Adapters", "EntitiesAbstrDI.Adapters\EntitiesAbstrDI.Adapters.csproj", "{98504EF8-8F61-42B1-AFB5-74A93AE6885D}"
EndProject
Project("{2150E333-8FDC-42A3-9474-1A3956D46DE8}") = "Sources", "Sources", "{A592D4D6-7B3C-4186-8F8D-2EB04360EA67}"
EndProject
Project("{2150E333-8FDC-42A3-9474-1A3956D46DE8}") = "Business Components", "Business Components", "{7D679305-87D7-43EF-ABD6-FE328AF21DBF}"
EndProject
Project("{2150E333-8FDC-42A3-9474-1A3956D46DE8}") = "Multi tiers", "Multi tiers", "{ACBC7E5A-1F0C-469A-B8B1-F860454E8C61}"
EndProject
Project("{2150E333-8FDC-42A3-9474-1A3956D46DE8}") = "Tests", "Tests", "{CA91CB9F-3D08-4518-A817-242A22F72CCC}"
EndProject
Project("{FAE04EC0-301F-11D3-BF4B-00C04F79EFBC}") = "EntitiesAbstrDI.Domain.Integration", "EntitiesAbstrDI.Domain.Integration\EntitiesAbstrDI.Domain.Integration.csproj", "{F2301984-9729-4D9B-B036-F40016F16E51}"
EndProject
Project("{2150E333-8FDC-42A3-9474-1A3956D46DE8}") = "Data Access", "Data Access", "{D8661887-5F5A-461F-92D2-92EF93D3086E}"
EndProject
Project("{FAE04EC0-301F-11D3-BF4B-00C04F79EFBC}") = "EntitiesAbstrDI.Data", "EntitiesAbstrDI.Data\EntitiesAbstrDI.Data.csproj", "{743F5989-3488-4702-8506-59F10B259F62}"
EndProject
Project("{FAE04EC0-301F-11D3-BF4B-00C04F79EFBC}") = "EntitiesAbstrDI.Domain.Impl", "EntitiesAbstrDI.Domain.Impl\EntitiesAbstrDI.Domain.Impl.csproj", "{AE639668-924A-4A1B-A5FA-82F736DEEEF8}"
EndProject
Project("{FAE04EC0-301F-11D3-BF4B-00C04F79EFBC}") = "EntitiesAbstrDI.Data.NH", "EntitiesAbstrDI.Data.NH\EntitiesAbstrDI.Data.NH.csproj", "{A6FA16BB-982C-49C3-BC62-4589786BB715}"
EndProject
Project("{FAE04EC0-301F-11D3-BF4B-00C04F79EFBC}") = "EntitiesAbstrDI.Adapters.LinFu", "EntitiesAbstrDI.Adapters.LinFu\EntitiesAbstrDI.Adapters.LinFu.csproj", "{CD19775D-7FC0-49AA-BB25-553E699F4B94}"
EndProject
Global
	GlobalSection(SolutionConfigurationPlatforms) = preSolution
		Debug|Any CPU = Debug|Any CPU
		Release|Any CPU = Release|Any CPU
	EndGlobalSection
	GlobalSection(ProjectConfigurationPlatforms) = postSolution
		{54557564-B359-4396-94AB-B9A51A948965}.Debug|Any CPU.ActiveCfg = Debug|Any CPU
		{54557564-B359-4396-94AB-B9A51A948965}.Debug|Any CPU.Build.0 = Debug|Any CPU
		{54557564-B359-4396-94AB-B9A51A948965}.Release|Any CPU.ActiveCfg = Release|Any CPU
		{54557564-B359-4396-94AB-B9A51A948965}.Release|Any CPU.Build.0 = Release|Any CPU
		{98504EF8-8F61-42B1-AFB5-74A93AE6885D}.Debug|Any CPU.ActiveCfg = Debug|Any CPU
		{98504EF8-8F61-42B1-AFB5-74A93AE6885D}.Debug|Any CPU.Build.0 = Debug|Any CPU
		{98504EF8-8F61-42B1-AFB5-74A93AE6885D}.Release|Any CPU.ActiveCfg = Release|Any CPU
		{98504EF8-8F61-42B1-AFB5-74A93AE6885D}.Release|Any CPU.Build.0 = Release|Any CPU
		{F2301984-9729-4D9B-B036-F40016F16E51}.Debug|Any CPU.ActiveCfg = Debug|Any CPU
		{F2301984-9729-4D9B-B036-F40016F16E51}.Debug|Any CPU.Build.0 = Debug|Any CPU
		{F2301984-9729-4D9B-B036-F40016F16E51}.Release|Any CPU.ActiveCfg = Release|Any CPU
		{F2301984-9729-4D9B-B036-F40016F16E51}.Release|Any CPU.Build.0 = Release|Any CPU
		{743F5989-3488-4702-8506-59F10B259F62}.Debug|Any CPU.ActiveCfg = Debug|Any CPU
		{743F5989-3488-4702-8506-59F10B259F62}.Debug|Any CPU.Build.0 = Debug|Any CPU
		{743F5989-3488-4702-8506-59F10B259F62}.Release|Any CPU.ActiveCfg = Release|Any CPU
		{743F5989-3488-4702-8506-59F10B259F62}.Release|Any CPU.Build.0 = Release|Any CPU
		{AE639668-924A-4A1B-A5FA-82F736DEEEF8}.Debug|Any CPU.ActiveCfg = Debug|Any CPU
		{AE639668-924A-4A1B-A5FA-82F736DEEEF8}.Debug|Any CPU.Build.0 = Debug|Any CPU
		{AE639668-924A-4A1B-A5FA-82F736DEEEF8}.Release|Any CPU.ActiveCfg = Release|Any CPU
		{AE639668-924A-4A1B-A5FA-82F736DEEEF8}.Release|Any CPU.Build.0 = Release|Any CPU
		{A6FA16BB-982C-49C3-BC62-4589786BB715}.Debug|Any CPU.ActiveCfg = Debug|Any CPU
		{A6FA16BB-982C-49C3-BC62-4589786BB715}.Debug|Any CPU.Build.0 = Debug|Any CPU
		{A6FA16BB-982C-49C3-BC62-4589786BB715}.Release|Any CPU.ActiveCfg = Release|Any CPU
		{A6FA16BB-982C-49C3-BC62-4589786BB715}.Release|Any CPU.Build.0 = Release|Any CPU
		{CD19775D-7FC0-49AA-BB25-553E699F4B94}.Debug|Any CPU.ActiveCfg = Debug|Any CPU
		{CD19775D-7FC0-49AA-BB25-553E699F4B94}.Debug|Any CPU.Build.0 = Debug|Any CPU
		{CD19775D-7FC0-49AA-BB25-553E699F4B94}.Release|Any CPU.ActiveCfg = Release|Any CPU
		{CD19775D-7FC0-49AA-BB25-553E699F4B94}.Release|Any CPU.Build.0 = Release|Any CPU
	EndGlobalSection
	GlobalSection(SolutionProperties) = preSolution
		HideSolutionNode = FALSE
	EndGlobalSection
	GlobalSection(NestedProjects) = preSolution
		{7D679305-87D7-43EF-ABD6-FE328AF21DBF} = {A592D4D6-7B3C-4186-8F8D-2EB04360EA67}
		{ACBC7E5A-1F0C-469A-B8B1-F860454E8C61} = {A592D4D6-7B3C-4186-8F8D-2EB04360EA67}
		{D8661887-5F5A-461F-92D2-92EF93D3086E} = {A592D4D6-7B3C-4186-8F8D-2EB04360EA67}
		{54557564-B359-4396-94AB-B9A51A948965} = {7D679305-87D7-43EF-ABD6-FE328AF21DBF}
		{AE639668-924A-4A1B-A5FA-82F736DEEEF8} = {7D679305-87D7-43EF-ABD6-FE328AF21DBF}
		{98504EF8-8F61-42B1-AFB5-74A93AE6885D} = {ACBC7E5A-1F0C-469A-B8B1-F860454E8C61}
		{CD19775D-7FC0-49AA-BB25-553E699F4B94} = {ACBC7E5A-1F0C-469A-B8B1-F860454E8C61}
		{F2301984-9729-4D9B-B036-F40016F16E51} = {CA91CB9F-3D08-4518-A817-242A22F72CCC}
		{743F5989-3488-4702-8506-59F10B259F62} = {D8661887-5F5A-461F-92D2-92EF93D3086E}
		{A6FA16BB-982C-49C3-BC62-4589786BB715} = {D8661887-5F5A-461F-92D2-92EF93D3086E}
	EndGlobalSection
EndGlobal
