
Microsoft Visual Studio Solution File, Format Version 10.00
# Visual Studio 2008
Project("{FAE04EC0-301F-11D3-BF4B-00C04F79EFBC}") = "DisableAutoDirtyCheck", "DisableAutoDirtyCheck\DisableAutoDirtyCheck.csproj", "{75C40183-5EBC-4FA3-986E-F2512A5E2E49}"
EndProject
Global
	GlobalSection(SolutionConfigurationPlatforms) = preSolution
		Debug|Any CPU = Debug|Any CPU
		Release|Any CPU = Release|Any CPU
	EndGlobalSection
	GlobalSection(ProjectConfigurationPlatforms) = postSolution
		{75C40183-5EBC-4FA3-986E-F2512A5E2E49}.Debug|Any CPU.ActiveCfg = Debug|Any CPU
		{75C40183-5EBC-4FA3-986E-F2512A5E2E49}.Debug|Any CPU.Build.0 = Debug|Any CPU
		{75C40183-5EBC-4FA3-986E-F2512A5E2E49}.Release|Any CPU.ActiveCfg = Release|Any CPU
		{75C40183-5EBC-4FA3-986E-F2512A5E2E49}.Release|Any CPU.Build.0 = Release|Any CPU
	EndGlobalSection
	GlobalSection(SolutionProperties) = preSolution
		HideSolutionNode = FALSE
	EndGlobalSection
EndGlobal
